# generated by rye
# use `rye lock` or `rye sync` to update this lockfile
#
# last locked with the following flags:
#   pre: false
#   features: []
#   all-features: false

-e file:.
blurhash==1.1.4
certifi==2023.5.7
charset-normalizer==3.2.0
click==8.1.6
crontab==1.0.1
decorator==5.1.1
freezegun==1.2.2
idna==3.4
mastodon-py @ git+https://github.com/halcy/Mastodon.py@cd86887d88bbc07de462d1e00a8fbc3d956c0151
pymysql==1.1.0
python-dateutil==2.8.2
python-dotenv==1.0.0
python-magic==0.4.27
pyyaml==6.0.1
redis==4.6.0
requests==2.31.0
rq==1.15.1
rq-scheduler==0.13.1
six==1.16.0
sqlalchemy==2.0.18
typing-extensions==4.7.1
urllib3==2.0.3
